
Microsoft Visual Studio Solution File, Format Version 12.00
# Visual Studio 15
VisualStudioVersion = 15.0.26403.7
MinimumVisualStudioVersion = 10.0.40219.1
Project("{FAE04EC0-301F-11D3-BF4B-00C04F79EFBC}") = "PermisC", "PermisC\PermisC\PermisC.csproj", "{CCF5F812-562D-4965-AC88-33CD750B24C0}"
EndProject
Project("{FAE04EC0-301F-11D3-BF4B-00C04F79EFBC}") = "PermisC.Android", "PermisC\PermisC.Android\PermisC.Android.csproj", "{54CA93E7-F078-4704-B7C9-C0F8114CB403}"
EndProject
Project("{FAE04EC0-301F-11D3-BF4B-00C04F79EFBC}") = "PermisC.iOS", "PermisC\PermisC.iOS\PermisC.iOS.csproj", "{A840B2AD-CD72-49BF-B67B-0AD25F92ACFC}"
EndProject
Project("{FAE04EC0-301F-11D3-BF4B-00C04F79EFBC}") = "PermisC.UWP", "PermisC\PermisC.UWP\PermisC.UWP.csproj", "{3043A991-B16D-49C3-BE19-F42DDFF8B125}"
EndProject
Global
	GlobalSection(SolutionConfigurationPlatforms) = preSolution
		Debug|Any CPU = Debug|Any CPU
		Debug|ARM = Debug|ARM
		Debug|iPhone = Debug|iPhone
		Debug|iPhoneSimulator = Debug|iPhoneSimulator
		Debug|x64 = Debug|x64
		Debug|x86 = Debug|x86
		Release|Any CPU = Release|Any CPU
		Release|ARM = Release|ARM
		Release|iPhone = Release|iPhone
		Release|iPhoneSimulator = Release|iPhoneSimulator
		Release|x64 = Release|x64
		Release|x86 = Release|x86
	EndGlobalSection
	GlobalSection(ProjectConfigurationPlatforms) = postSolution
		{CCF5F812-562D-4965-AC88-33CD750B24C0}.Debug|Any CPU.ActiveCfg = Debug|Any CPU
		{CCF5F812-562D-4965-AC88-33CD750B24C0}.Debug|Any CPU.Build.0 = Debug|Any CPU
		{CCF5F812-562D-4965-AC88-33CD750B24C0}.Debug|ARM.ActiveCfg = Debug|Any CPU
		{CCF5F812-562D-4965-AC88-33CD750B24C0}.Debug|ARM.Build.0 = Debug|Any CPU
		{CCF5F812-562D-4965-AC88-33CD750B24C0}.Debug|iPhone.ActiveCfg = Debug|Any CPU
		{CCF5F812-562D-4965-AC88-33CD750B24C0}.Debug|iPhone.Build.0 = Debug|Any CPU
		{CCF5F812-562D-4965-AC88-33CD750B24C0}.Debug|iPhoneSimulator.ActiveCfg = Debug|Any CPU
		{CCF5F812-562D-4965-AC88-33CD750B24C0}.Debug|iPhoneSimulator.Build.0 = Debug|Any CPU
		{CCF5F812-562D-4965-AC88-33CD750B24C0}.Debug|x64.ActiveCfg = Debug|Any CPU
		{CCF5F812-562D-4965-AC88-33CD750B24C0}.Debug|x64.Build.0 = Debug|Any CPU
		{CCF5F812-562D-4965-AC88-33CD750B24C0}.Debug|x86.ActiveCfg = Debug|Any CPU
		{CCF5F812-562D-4965-AC88-33CD750B24C0}.Debug|x86.Build.0 = Debug|Any CPU
		{CCF5F812-562D-4965-AC88-33CD750B24C0}.Release|Any CPU.ActiveCfg = Release|Any CPU
		{CCF5F812-562D-4965-AC88-33CD750B24C0}.Release|Any CPU.Build.0 = Release|Any CPU
		{CCF5F812-562D-4965-AC88-33CD750B24C0}.Release|ARM.ActiveCfg = Release|Any CPU
		{CCF5F812-562D-4965-AC88-33CD750B24C0}.Release|ARM.Build.0 = Release|Any CPU
		{CCF5F812-562D-4965-AC88-33CD750B24C0}.Release|iPhone.ActiveCfg = Release|Any CPU
		{CCF5F812-562D-4965-AC88-33CD750B24C0}.Release|iPhone.Build.0 = Release|Any CPU
		{CCF5F812-562D-4965-AC88-33CD750B24C0}.Release|iPhoneSimulator.ActiveCfg = Release|Any CPU
		{CCF5F812-562D-4965-AC88-33CD750B24C0}.Release|iPhoneSimulator.Build.0 = Release|Any CPU
		{CCF5F812-562D-4965-AC88-33CD750B24C0}.Release|x64.ActiveCfg = Release|Any CPU
		{CCF5F812-562D-4965-AC88-33CD750B24C0}.Release|x64.Build.0 = Release|Any CPU
		{CCF5F812-562D-4965-AC88-33CD750B24C0}.Release|x86.ActiveCfg = Release|Any CPU
		{CCF5F812-562D-4965-AC88-33CD750B24C0}.Release|x86.Build.0 = Release|Any CPU
		{54CA93E7-F078-4704-B7C9-C0F8114CB403}.Debug|Any CPU.ActiveCfg = Debug|Any CPU
		{54CA93E7-F078-4704-B7C9-C0F8114CB403}.Debug|Any CPU.Build.0 = Debug|Any CPU
		{54CA93E7-F078-4704-B7C9-C0F8114CB403}.Debug|Any CPU.Deploy.0 = Debug|Any CPU
		{54CA93E7-F078-4704-B7C9-C0F8114CB403}.Debug|ARM.ActiveCfg = Debug|Any CPU
		{54CA93E7-F078-4704-B7C9-C0F8114CB403}.Debug|ARM.Build.0 = Debug|Any CPU
		{54CA93E7-F078-4704-B7C9-C0F8114CB403}.Debug|ARM.Deploy.0 = Debug|Any CPU
		{54CA93E7-F078-4704-B7C9-C0F8114CB403}.Debug|iPhone.ActiveCfg = Debug|Any CPU
		{54CA93E7-F078-4704-B7C9-C0F8114CB403}.Debug|iPhone.Build.0 = Debug|Any CPU
		{54CA93E7-F078-4704-B7C9-C0F8114CB403}.Debug|iPhone.Deploy.0 = Debug|Any CPU
		{54CA93E7-F078-4704-B7C9-C0F8114CB403}.Debug|iPhoneSimulator.ActiveCfg = Debug|Any CPU
		{54CA93E7-F078-4704-B7C9-C0F8114CB403}.Debug|iPhoneSimulator.Build.0 = Debug|Any CPU
		{54CA93E7-F078-4704-B7C9-C0F8114CB403}.Debug|iPhoneSimulator.Deploy.0 = Debug|Any CPU
		{54CA93E7-F078-4704-B7C9-C0F8114CB403}.Debug|x64.ActiveCfg = Debug|Any CPU
		{54CA93E7-F078-4704-B7C9-C0F8114CB403}.Debug|x64.Build.0 = Debug|Any CPU
		{54CA93E7-F078-4704-B7C9-C0F8114CB403}.Debug|x64.Deploy.0 = Debug|Any CPU
		{54CA93E7-F078-4704-B7C9-C0F8114CB403}.Debug|x86.ActiveCfg = Debug|Any CPU
		{54CA93E7-F078-4704-B7C9-C0F8114CB403}.Debug|x86.Build.0 = Debug|Any CPU
		{54CA93E7-F078-4704-B7C9-C0F8114CB403}.Debug|x86.Deploy.0 = Debug|Any CPU
		{54CA93E7-F078-4704-B7C9-C0F8114CB403}.Release|Any CPU.ActiveCfg = Release|Any CPU
		{54CA93E7-F078-4704-B7C9-C0F8114CB403}.Release|Any CPU.Build.0 = Release|Any CPU
		{54CA93E7-F078-4704-B7C9-C0F8114CB403}.Release|Any CPU.Deploy.0 = Release|Any CPU
		{54CA93E7-F078-4704-B7C9-C0F8114CB403}.Release|ARM.ActiveCfg = Release|Any CPU
		{54CA93E7-F078-4704-B7C9-C0F8114CB403}.Release|ARM.Build.0 = Release|Any CPU
		{54CA93E7-F078-4704-B7C9-C0F8114CB403}.Release|ARM.Deploy.0 = Release|Any CPU
		{54CA93E7-F078-4704-B7C9-C0F8114CB403}.Release|iPhone.ActiveCfg = Release|Any CPU
		{54CA93E7-F078-4704-B7C9-C0F8114CB403}.Release|iPhone.Build.0 = Release|Any CPU
		{54CA93E7-F078-4704-B7C9-C0F8114CB403}.Release|iPhone.Deploy.0 = Release|Any CPU
		{54CA93E7-F078-4704-B7C9-C0F8114CB403}.Release|iPhoneSimulator.ActiveCfg = Release|Any CPU
		{54CA93E7-F078-4704-B7C9-C0F8114CB403}.Release|iPhoneSimulator.Build.0 = Release|Any CPU
		{54CA93E7-F078-4704-B7C9-C0F8114CB403}.Release|iPhoneSimulator.Deploy.0 = Release|Any CPU
		{54CA93E7-F078-4704-B7C9-C0F8114CB403}.Release|x64.ActiveCfg = Release|Any CPU
		{54CA93E7-F078-4704-B7C9-C0F8114CB403}.Release|x64.Build.0 = Release|Any CPU
		{54CA93E7-F078-4704-B7C9-C0F8114CB403}.Release|x64.Deploy.0 = Release|Any CPU
		{54CA93E7-F078-4704-B7C9-C0F8114CB403}.Release|x86.ActiveCfg = Release|Any CPU
		{54CA93E7-F078-4704-B7C9-C0F8114CB403}.Release|x86.Build.0 = Release|Any CPU
		{54CA93E7-F078-4704-B7C9-C0F8114CB403}.Release|x86.Deploy.0 = Release|Any CPU
		{A840B2AD-CD72-49BF-B67B-0AD25F92ACFC}.Debug|Any CPU.ActiveCfg = Debug|iPhone
		{A840B2AD-CD72-49BF-B67B-0AD25F92ACFC}.Debug|ARM.ActiveCfg = Debug|iPhone
		{A840B2AD-CD72-49BF-B67B-0AD25F92ACFC}.Debug|iPhone.ActiveCfg = Debug|iPhone
		{A840B2AD-CD72-49BF-B67B-0AD25F92ACFC}.Debug|iPhone.Build.0 = Debug|iPhone
		{A840B2AD-CD72-49BF-B67B-0AD25F92ACFC}.Debug|iPhoneSimulator.ActiveCfg = Debug|iPhoneSimulator
		{A840B2AD-CD72-49BF-B67B-0AD25F92ACFC}.Debug|iPhoneSimulator.Build.0 = Debug|iPhoneSimulator
		{A840B2AD-CD72-49BF-B67B-0AD25F92ACFC}.Debug|x64.ActiveCfg = Debug|iPhone
		{A840B2AD-CD72-49BF-B67B-0AD25F92ACFC}.Debug|x86.ActiveCfg = Debug|iPhone
		{A840B2AD-CD72-49BF-B67B-0AD25F92ACFC}.Release|Any CPU.ActiveCfg = Release|iPhone
		{A840B2AD-CD72-49BF-B67B-0AD25F92ACFC}.Release|ARM.ActiveCfg = Release|iPhone
		{A840B2AD-CD72-49BF-B67B-0AD25F92ACFC}.Release|iPhone.ActiveCfg = Release|iPhone
		{A840B2AD-CD72-49BF-B67B-0AD25F92ACFC}.Release|iPhone.Build.0 = Release|iPhone
		{A840B2AD-CD72-49BF-B67B-0AD25F92ACFC}.Release|iPhoneSimulator.ActiveCfg = Release|iPhoneSimulator
		{A840B2AD-CD72-49BF-B67B-0AD25F92ACFC}.Release|iPhoneSimulator.Build.0 = Release|iPhoneSimulator
		{A840B2AD-CD72-49BF-B67B-0AD25F92ACFC}.Release|x64.ActiveCfg = Release|iPhone
		{A840B2AD-CD72-49BF-B67B-0AD25F92ACFC}.Release|x86.ActiveCfg = Release|iPhone
		{3043A991-B16D-49C3-BE19-F42DDFF8B125}.Debug|Any CPU.ActiveCfg = Debug|x86
		{3043A991-B16D-49C3-BE19-F42DDFF8B125}.Debug|ARM.ActiveCfg = Debug|ARM
		{3043A991-B16D-49C3-BE19-F42DDFF8B125}.Debug|ARM.Build.0 = Debug|ARM
		{3043A991-B16D-49C3-BE19-F42DDFF8B125}.Debug|ARM.Deploy.0 = Debug|ARM
		{3043A991-B16D-49C3-BE19-F42DDFF8B125}.Debug|iPhone.ActiveCfg = Debug|x86
		{3043A991-B16D-49C3-BE19-F42DDFF8B125}.Debug|iPhoneSimulator.ActiveCfg = Debug|x86
		{3043A991-B16D-49C3-BE19-F42DDFF8B125}.Debug|x64.ActiveCfg = Debug|x64
		{3043A991-B16D-49C3-BE19-F42DDFF8B125}.Debug|x64.Build.0 = Debug|x64
		{3043A991-B16D-49C3-BE19-F42DDFF8B125}.Debug|x64.Deploy.0 = Debug|x64
		{3043A991-B16D-49C3-BE19-F42DDFF8B125}.Debug|x86.ActiveCfg = Debug|x86
		{3043A991-B16D-49C3-BE19-F42DDFF8B125}.Debug|x86.Build.0 = Debug|x86
		{3043A991-B16D-49C3-BE19-F42DDFF8B125}.Debug|x86.Deploy.0 = Debug|x86
		{3043A991-B16D-49C3-BE19-F42DDFF8B125}.Release|Any CPU.ActiveCfg = Release|x86
		{3043A991-B16D-49C3-BE19-F42DDFF8B125}.Release|ARM.ActiveCfg = Release|ARM
		{3043A991-B16D-49C3-BE19-F42DDFF8B125}.Release|ARM.Build.0 = Release|ARM
		{3043A991-B16D-49C3-BE19-F42DDFF8B125}.Release|ARM.Deploy.0 = Release|ARM
		{3043A991-B16D-49C3-BE19-F42DDFF8B125}.Release|iPhone.ActiveCfg = Release|x86
		{3043A991-B16D-49C3-BE19-F42DDFF8B125}.Release|iPhoneSimulator.ActiveCfg = Release|x86
		{3043A991-B16D-49C3-BE19-F42DDFF8B125}.Release|x64.ActiveCfg = Release|x64
		{3043A991-B16D-49C3-BE19-F42DDFF8B125}.Release|x64.Build.0 = Release|x64
		{3043A991-B16D-49C3-BE19-F42DDFF8B125}.Release|x64.Deploy.0 = Release|x64
		{3043A991-B16D-49C3-BE19-F42DDFF8B125}.Release|x86.ActiveCfg = Release|x86
		{3043A991-B16D-49C3-BE19-F42DDFF8B125}.Release|x86.Build.0 = Release|x86
		{3043A991-B16D-49C3-BE19-F42DDFF8B125}.Release|x86.Deploy.0 = Release|x86
	EndGlobalSection
	GlobalSection(SolutionProperties) = preSolution
		HideSolutionNode = FALSE
	EndGlobalSection
EndGlobal
